
Microsoft Visual Studio Solution File, Format Version 12.00
# Visual Studio Version 16
VisualStudioVersion = 16.0.31613.86
MinimumVisualStudioVersion = 10.0.40219.1
Project("{FAE04EC0-301F-11D3-BF4B-00C04F79EFBC}") = "login parol", "login parol\login parol.csproj", "{538F2A6C-1D57-4B9B-B6A1-BFC2910FD03C}"
EndProject
Global
	GlobalSection(SolutionConfigurationPlatforms) = preSolution
		Debug|Any CPU = Debug|Any CPU
		Release|Any CPU = Release|Any CPU
	EndGlobalSection
	GlobalSection(ProjectConfigurationPlatforms) = postSolution
		{538F2A6C-1D57-4B9B-B6A1-BFC2910FD03C}.Debug|Any CPU.ActiveCfg = Debug|Any CPU
		{538F2A6C-1D57-4B9B-B6A1-BFC2910FD03C}.Debug|Any CPU.Build.0 = Debug|Any CPU
		{538F2A6C-1D57-4B9B-B6A1-BFC2910FD03C}.Release|Any CPU.ActiveCfg = Release|Any CPU
		{538F2A6C-1D57-4B9B-B6A1-BFC2910FD03C}.Release|Any CPU.Build.0 = Release|Any CPU
	EndGlobalSection
	GlobalSection(SolutionProperties) = preSolution
		HideSolutionNode = FALSE
	EndGlobalSection
	GlobalSection(ExtensibilityGlobals) = postSolution
		SolutionGuid = {BBE6E6FA-3D9F-428E-BBE3-8575020B07FA}
	EndGlobalSection
EndGlobal
